// !$*UTF8*$!
{
	archiveVersion = 1;
	classes = {
	};
	objectVersion = 46;
	objects = {

/* Begin PBXBuildFile section */
		CC11276D1CCBA55100A03959 /* main.m in Sources */ = {isa = PBXBuildFile; fileRef = CC11276C1CCBA55100A03959 /* main.m */; };
		CC1127751CCBA58100A03959 /* xiaoming.m in Sources */ = {isa = PBXBuildFile; fileRef = CC1127741CCBA58100A03959 /* xiaoming.m */; };
		CC1127791CCBA73600A03959 /* xiaoqiang.m in Sources */ = {isa = PBXBuildFile; fileRef = CC1127781CCBA73600A03959 /* xiaoqiang.m */; };
/* End PBXBuildFile section */

/* Begin PBXCopyFilesBuildPhase section */
		CC1127671CCBA55100A03959 /* CopyFiles */ = {
			isa = PBXCopyFilesBuildPhase;
			buildActionMask = 2147483647;
			dstPath = /usr/share/man/man1/;
			dstSubfolderSpec = 0;
			files = (
			);
			runOnlyForDeploymentPostprocessing = 1;
		};
/* End PBXCopyFilesBuildPhase section */

/* Begin PBXFileReference section */
		CC1127691CCBA55100A03959 /* 5 */ = {isa = PBXFileReference; explicitFileType = "compiled.mach-o.executable"; includeInIndex = 0; path = 5; sourceTree = BUILT_PRODUCTS_DIR; };
		CC11276C1CCBA55100A03959 /* main.m */ = {isa = PBXFileReference; lastKnownFileType = sourcecode.c.objc; path = main.m; sourceTree = "<group>"; };
		CC1127731CCBA58100A03959 /* xiaoming.h */ = {isa = PBXFileReference; fileEncoding = 4; lastKnownFileType = sourcecode.c.h; path = xiaoming.h; sourceTree = "<group>"; };
		CC1127741CCBA58100A03959 /* xiaoming.m */ = {isa = PBXFileReference; fileEncoding = 4; lastKnownFileType = sourcecode.c.objc; path = xiaoming.m; sourceTree = "<group>"; };
		CC1127761CCBA68100A03959 /* buypiao.h */ = {isa = PBXFileReference; fileEncoding = 4; lastKnownFileType = sourcecode.c.h; path = buypiao.h; sourceTree = "<group>"; };
		CC1127771CCBA73600A03959 /* xiaoqiang.h */ = {isa = PBXFileReference; fileEncoding = 4; lastKnownFileType = sourcecode.c.h; path = xiaoqiang.h; sourceTree = "<group>"; };
		CC1127781CCBA73600A03959 /* xiaoqiang.m */ = {isa = PBXFileReference; fileEncoding = 4; lastKnownFileType = sourcecode.c.objc; path = xiaoqiang.m; sourceTree = "<group>"; };
/* End PBXFileReference section */

/* Begin PBXFrameworksBuildPhase section */
		CC1127661CCBA55100A03959 /* Frameworks */ = {
			isa = PBXFrameworksBuildPhase;
			buildActionMask = 2147483647;
			files = (
			);
			runOnlyForDeploymentPostprocessing = 0;
		};
/* End PBXFrameworksBuildPhase section */

/* Begin PBXGroup section */
		CC1127601CCBA55100A03959 = {
			isa = PBXGroup;
			children = (
				CC11276B1CCBA55100A03959 /* 5 */,
				CC11276A1CCBA55100A03959 /* Products */,
			);
			sourceTree = "<group>";
		};
		CC11276A1CCBA55100A03959 /* Products */ = {
			isa = PBXGroup;
			children = (
				CC1127691CCBA55100A03959 /* 5 */,
			);
			name = Products;
			sourceTree = "<group>";
		};
		CC11276B1CCBA55100A03959 /* 5 */ = {
			isa = PBXGroup;
			children = (
				CC11276C1CCBA55100A03959 /* main.m */,
				CC1127731CCBA58100A03959 /* xiaoming.h */,
				CC1127741CCBA58100A03959 /* xiaoming.m */,
				CC1127771CCBA73600A03959 /* xiaoqiang.h */,
				CC1127781CCBA73600A03959 /* xiaoqiang.m */,
				CC1127761CCBA68100A03959 /* buypiao.h */,
			);
			path = 5;
			sourceTree = "<group>";
		};
/* End PBXGroup section */

/* Begin PBXNativeTarget section */
		CC1127681CCBA55100A03959 /* 5 */ = {
			isa = PBXNativeTarget;
			buildConfigurationList = CC1127701CCBA55100A03959 /* Build configuration list for PBXNativeTarget "5" */;
			buildPhases = (
				CC1127651CCBA55100A03959 /* Sources */,
				CC1127661CCBA55100A03959 /* Frameworks */,
				CC1127671CCBA55100A03959 /* CopyFiles */,
			);
			buildRules = (
			);
			dependencies = (
			);
			name = 5;
			productName = 5;
			productReference = CC1127691CCBA55100A03959 /* 5 */;
			productType = "com.apple.product-type.tool";
		};
/* End PBXNativeTarget section */

/* Begin PBXProject section */
		CC1127611CCBA55100A03959 /* Project object */ = {
			isa = PBXProject;
			attributes = {
				LastUpgradeCheck = 0710;
				ORGANIZATIONNAME = qingyun;
				TargetAttributes = {
					CC1127681CCBA55100A03959 = {
						CreatedOnToolsVersion = 7.1;
					};
				};
			};
			buildConfigurationList = CC1127641CCBA55100A03959 /* Build configuration list for PBXProject "5" */;
			compatibilityVersion = "Xcode 3.2";
			developmentRegion = English;
			hasScannedForEncodings = 0;
			knownRegions = (
				en,
			);
			mainGroup = CC1127601CCBA55100A03959;
			productRefGroup = CC11276A1CCBA55100A03959 /* Products */;
			projectDirPath = "";
			projectRoot = "";
			targets = (
				CC1127681CCBA55100A03959 /* 5 */,
			);
		};
/* End PBXProject section */

/* Begin PBXSourcesBuildPhase section */
		CC1127651CCBA55100A03959 /* Sources */ = {
			isa = PBXSourcesBuildPhase;
			buildActionMask = 2147483647;
			files = (
				CC1127791CCBA73600A03959 /* xiaoqiang.m in Sources */,
				CC11276D1CCBA55100A03959 /* main.m in Sources */,
				CC1127751CCBA58100A03959 /* xiaoming.m in Sources */,
			);
			runOnlyForDeploymentPostprocessing = 0;
		};
/* End PBXSourcesBuildPhase section */

/* Begin XCBuildConfiguration section */
		CC11276E1CCBA55100A03959 /* Debug */ = {
			isa = XCBuildConfiguration;
			buildSettings = {
				ALWAYS_SEARCH_USER_PATHS = NO;
				CLANG_CXX_LANGUAGE_STANDARD = "gnu++0x";
				CLANG_CXX_LIBRARY = "libc++";
				CLANG_ENABLE_MODULES = YES;
				CLANG_ENABLE_OBJC_ARC = YES;
				CLANG_WARN_BOOL_CONVERSION = YES;
				CLANG_WARN_CONSTANT_CONVERSION = YES;
				CLANG_WARN_DIRECT_OBJC_ISA_USAGE = YES_ERROR;
				CLANG_WARN_EMPTY_BODY = YES;
				CLANG_WARN_ENUM_CONVERSION = YES;
				CLANG_WARN_INT_CONVERSION = YES;
				CLANG_WARN_OBJC_ROOT_CLASS = YES_ERROR;
				CLANG_WARN_UNREACHABLE_CODE = YES;
				CLANG_WARN__DUPLICATE_METHOD_MATCH = YES;
				CODE_SIGN_IDENTITY = "-";
				COPY_PHASE_STRIP = NO;
				DEBUG_INFORMATION_FORMAT = dwarf;
				ENABLE_STRICT_OBJC_MSGSEND = YES;
				ENABLE_TESTABILITY = YES;
				GCC_C_LANGUAGE_STANDARD = gnu99;
				GCC_DYNAMIC_NO_PIC = NO;
				GCC_NO_COMMON_BLOCKS = YES;
				GCC_OPTIMIZATION_LEVEL = 0;
				GCC_PREPROCESSOR_DEFINITIONS = (
					"DEBUG=1",
					"$(inherited)",
				);
				GCC_WARN_64_TO_32_BIT_CONVERSION = YES;
				GCC_WARN_ABOUT_RETURN_TYPE = YES_ERROR;
				GCC_WARN_UNDECLARED_SELECTOR = YES;
				GCC_WARN_UNINITIALIZED_AUTOS = YES_AGGRESSIVE;
				GCC_WARN_UNUSED_FUNCTION = YES;
				GCC_WARN_UNUSED_VARIABLE = YES;
				MACOSX_DEPLOYMENT_TARGET = 10.11;
				MTL_ENABLE_DEBUG_INFO = YES;
				ONLY_ACTIVE_ARCH = YES;
				SDKROOT = macosx;
			};
			name = Debug;
		};
		CC11276F1CCBA55100A03959 /* Release */ = {
			isa = XCBuildConfiguration;
			buildSettings = {
				ALWAYS_SEARCH_USER_PATHS = NO;
				CLANG_CXX_LANGUAGE_STANDARD = "gnu++0x";
				CLANG_CXX_LIBRARY = "libc++";
				CLANG_ENABLE_MODULES = YES;
				CLANG_ENABLE_OBJC_ARC = YES;
				CLANG_WARN_BOOL_CONVERSION = YES;
				CLANG_WARN_CONSTANT_CONVERSION = YES;
				CLANG_WARN_DIRECT_OBJC_ISA_USAGE = YES_ERROR;
				CLANG_WARN_EMPTY_BODY = YES;
				CLANG_WARN_ENUM_CONVERSION = YES;
				CLANG_WARN_INT_CONVERSION = YES;
				CLANG_WARN_OBJC_ROOT_CLASS = YES_ERROR;
				CLANG_WARN_UNREACHABLE_CODE = YES;
				CLANG_WARN__DUPLICATE_METHOD_MATCH = YES;
				CODE_SIGN_IDENTITY = "-";
				COPY_PHASE_STRIP = NO;
				DEBUG_INFORMATION_FORMAT = "dwarf-with-dsym";
				ENABLE_NS_ASSERTIONS = NO;
				ENABLE_STRICT_OBJC_MSGSEND = YES;
				GCC_C_LANGUAGE_STANDARD = gnu99;
				GCC_NO_COMMON_BLOCKS = YES;
				GCC_WARN_64_TO_32_BIT_CONVERSION = YES;
				GCC_WARN_ABOUT_RETURN_TYPE = YES_ERROR;
				GCC_WARN_UNDECLARED_SELECTOR = YES;
				GCC_WARN_UNINITIALIZED_AUTOS = YES_AGGRESSIVE;
				GCC_WARN_UNUSED_FUNCTION = YES;
				GCC_WARN_UNUSED_VARIABLE = YES;
				MACOSX_DEPLOYMENT_TARGET = 10.11;
				MTL_ENABLE_DEBUG_INFO = NO;
				SDKROOT = macosx;
			};
			name = Release;
		};
		CC1127711CCBA55100A03959 /* Debug */ = {
			isa = XCBuildConfiguration;
			buildSettings = {
				PRODUCT_NAME = "$(TARGET_NAME)";
			};
			name = Debug;
		};
		CC1127721CCBA55100A03959 /* Release */ = {
			isa = XCBuildConfiguration;
			buildSettings = {
				PRODUCT_NAME = "$(TARGET_NAME)";
			};
			name = Release;
		};
/* End XCBuildConfiguration section */

/* Begin XCConfigurationList section */
		CC1127641CCBA55100A03959 /* Build configuration list for PBXProject "5" */ = {
			isa = XCConfigurationList;
			buildConfigurations = (
				CC11276E1CCBA55100A03959 /* Debug */,
				CC11276F1CCBA55100A03959 /* Release */,
			);
			defaultConfigurationIsVisible = 0;
			defaultConfigurationName = Release;
		};
		CC1127701CCBA55100A03959 /* Build configuration list for PBXNativeTarget "5" */ = {
			isa = XCConfigurationList;
			buildConfigurations = (
				CC1127711CCBA55100A03959 /* Debug */,
				CC1127721CCBA55100A03959 /* Release */,
			);
			defaultConfigurationIsVisible = 0;
		};
/* End XCConfigurationList section */
	};
	rootObject = CC1127611CCBA55100A03959 /* Project object */;
}
