// !$*UTF8*$!
{
	archiveVersion = 1;
	classes = {
	};
	objectVersion = 46;
	objects = {

/* Begin PBXBuildFile section */
		CCEF55021CBF60B5002F4FBB /* main.m in Sources */ = {isa = PBXBuildFile; fileRef = CCEF55011CBF60B5002F4FBB /* main.m */; };
		CCEF550C1CBF6105002F4FBB /* Login.m in Sources */ = {isa = PBXBuildFile; fileRef = CCEF55091CBF6105002F4FBB /* Login.m */; };
		CCEF550D1CBF6105002F4FBB /* Register.m in Sources */ = {isa = PBXBuildFile; fileRef = CCEF550B1CBF6105002F4FBB /* Register.m */; };
/* End PBXBuildFile section */

/* Begin PBXCopyFilesBuildPhase section */
		CCEF54FC1CBF60B5002F4FBB /* CopyFiles */ = {
			isa = PBXCopyFilesBuildPhase;
			buildActionMask = 2147483647;
			dstPath = /usr/share/man/man1/;
			dstSubfolderSpec = 0;
			files = (
			);
			runOnlyForDeploymentPostprocessing = 1;
		};
/* End PBXCopyFilesBuildPhase section */

/* Begin PBXFileReference section */
		CCEF54FE1CBF60B5002F4FBB /* block实现登录注册 */ = {isa = PBXFileReference; explicitFileType = "compiled.mach-o.executable"; includeInIndex = 0; path = "block实现登录注册"; sourceTree = BUILT_PRODUCTS_DIR; };
		CCEF55011CBF60B5002F4FBB /* main.m */ = {isa = PBXFileReference; lastKnownFileType = sourcecode.c.objc; path = main.m; sourceTree = "<group>"; };
		CCEF55081CBF6105002F4FBB /* Login.h */ = {isa = PBXFileReference; fileEncoding = 4; lastKnownFileType = sourcecode.c.h; path = Login.h; sourceTree = "<group>"; };
		CCEF55091CBF6105002F4FBB /* Login.m */ = {isa = PBXFileReference; fileEncoding = 4; lastKnownFileType = sourcecode.c.objc; path = Login.m; sourceTree = "<group>"; };
		CCEF550A1CBF6105002F4FBB /* Register.h */ = {isa = PBXFileReference; fileEncoding = 4; lastKnownFileType = sourcecode.c.h; path = Register.h; sourceTree = "<group>"; };
		CCEF550B1CBF6105002F4FBB /* Register.m */ = {isa = PBXFileReference; fileEncoding = 4; lastKnownFileType = sourcecode.c.objc; path = Register.m; sourceTree = "<group>"; };
/* End PBXFileReference section */

/* Begin PBXFrameworksBuildPhase section */
		CCEF54FB1CBF60B5002F4FBB /* Frameworks */ = {
			isa = PBXFrameworksBuildPhase;
			buildActionMask = 2147483647;
			files = (
			);
			runOnlyForDeploymentPostprocessing = 0;
		};
/* End PBXFrameworksBuildPhase section */

/* Begin PBXGroup section */
		CCEF54F51CBF60B5002F4FBB = {
			isa = PBXGroup;
			children = (
				CCEF55001CBF60B5002F4FBB /* block实现登录注册 */,
				CCEF54FF1CBF60B5002F4FBB /* Products */,
			);
			sourceTree = "<group>";
		};
		CCEF54FF1CBF60B5002F4FBB /* Products */ = {
			isa = PBXGroup;
			children = (
				CCEF54FE1CBF60B5002F4FBB /* block实现登录注册 */,
			);
			name = Products;
			sourceTree = "<group>";
		};
		CCEF55001CBF60B5002F4FBB /* block实现登录注册 */ = {
			isa = PBXGroup;
			children = (
				CCEF55011CBF60B5002F4FBB /* main.m */,
				CCEF55081CBF6105002F4FBB /* Login.h */,
				CCEF55091CBF6105002F4FBB /* Login.m */,
				CCEF550A1CBF6105002F4FBB /* Register.h */,
				CCEF550B1CBF6105002F4FBB /* Register.m */,
			);
			path = "block实现登录注册";
			sourceTree = "<group>";
		};
/* End PBXGroup section */

/* Begin PBXNativeTarget section */
		CCEF54FD1CBF60B5002F4FBB /* block实现登录注册 */ = {
			isa = PBXNativeTarget;
			buildConfigurationList = CCEF55051CBF60B5002F4FBB /* Build configuration list for PBXNativeTarget "block实现登录注册" */;
			buildPhases = (
				CCEF54FA1CBF60B5002F4FBB /* Sources */,
				CCEF54FB1CBF60B5002F4FBB /* Frameworks */,
				CCEF54FC1CBF60B5002F4FBB /* CopyFiles */,
			);
			buildRules = (
			);
			dependencies = (
			);
			name = "block实现登录注册";
			productName = "block实现登录注册";
			productReference = CCEF54FE1CBF60B5002F4FBB /* block实现登录注册 */;
			productType = "com.apple.product-type.tool";
		};
/* End PBXNativeTarget section */

/* Begin PBXProject section */
		CCEF54F61CBF60B5002F4FBB /* Project object */ = {
			isa = PBXProject;
			attributes = {
				LastUpgradeCheck = 0710;
				ORGANIZATIONNAME = qingyun;
				TargetAttributes = {
					CCEF54FD1CBF60B5002F4FBB = {
						CreatedOnToolsVersion = 7.1;
					};
				};
			};
			buildConfigurationList = CCEF54F91CBF60B5002F4FBB /* Build configuration list for PBXProject "block实现登录注册" */;
			compatibilityVersion = "Xcode 3.2";
			developmentRegion = English;
			hasScannedForEncodings = 0;
			knownRegions = (
				en,
			);
			mainGroup = CCEF54F51CBF60B5002F4FBB;
			productRefGroup = CCEF54FF1CBF60B5002F4FBB /* Products */;
			projectDirPath = "";
			projectRoot = "";
			targets = (
				CCEF54FD1CBF60B5002F4FBB /* block实现登录注册 */,
			);
		};
/* End PBXProject section */

/* Begin PBXSourcesBuildPhase section */
		CCEF54FA1CBF60B5002F4FBB /* Sources */ = {
			isa = PBXSourcesBuildPhase;
			buildActionMask = 2147483647;
			files = (
				CCEF55021CBF60B5002F4FBB /* main.m in Sources */,
				CCEF550C1CBF6105002F4FBB /* Login.m in Sources */,
				CCEF550D1CBF6105002F4FBB /* Register.m in Sources */,
			);
			runOnlyForDeploymentPostprocessing = 0;
		};
/* End PBXSourcesBuildPhase section */

/* Begin XCBuildConfiguration section */
		CCEF55031CBF60B5002F4FBB /* Debug */ = {
			isa = XCBuildConfiguration;
			buildSettings = {
				ALWAYS_SEARCH_USER_PATHS = NO;
				CLANG_CXX_LANGUAGE_STANDARD = "gnu++0x";
				CLANG_CXX_LIBRARY = "libc++";
				CLANG_ENABLE_MODULES = YES;
				CLANG_ENABLE_OBJC_ARC = YES;
				CLANG_WARN_BOOL_CONVERSION = YES;
				CLANG_WARN_CONSTANT_CONVERSION = YES;
				CLANG_WARN_DIRECT_OBJC_ISA_USAGE = YES_ERROR;
				CLANG_WARN_EMPTY_BODY = YES;
				CLANG_WARN_ENUM_CONVERSION = YES;
				CLANG_WARN_INT_CONVERSION = YES;
				CLANG_WARN_OBJC_ROOT_CLASS = YES_ERROR;
				CLANG_WARN_UNREACHABLE_CODE = YES;
				CLANG_WARN__DUPLICATE_METHOD_MATCH = YES;
				CODE_SIGN_IDENTITY = "-";
				COPY_PHASE_STRIP = NO;
				DEBUG_INFORMATION_FORMAT = dwarf;
				ENABLE_STRICT_OBJC_MSGSEND = YES;
				ENABLE_TESTABILITY = YES;
				GCC_C_LANGUAGE_STANDARD = gnu99;
				GCC_DYNAMIC_NO_PIC = NO;
				GCC_NO_COMMON_BLOCKS = YES;
				GCC_OPTIMIZATION_LEVEL = 0;
				GCC_PREPROCESSOR_DEFINITIONS = (
					"DEBUG=1",
					"$(inherited)",
				);
				GCC_WARN_64_TO_32_BIT_CONVERSION = YES;
				GCC_WARN_ABOUT_RETURN_TYPE = YES_ERROR;
				GCC_WARN_UNDECLARED_SELECTOR = YES;
				GCC_WARN_UNINITIALIZED_AUTOS = YES_AGGRESSIVE;
				GCC_WARN_UNUSED_FUNCTION = YES;
				GCC_WARN_UNUSED_VARIABLE = YES;
				MACOSX_DEPLOYMENT_TARGET = 10.11;
				MTL_ENABLE_DEBUG_INFO = YES;
				ONLY_ACTIVE_ARCH = YES;
				SDKROOT = macosx;
			};
			name = Debug;
		};
		CCEF55041CBF60B5002F4FBB /* Release */ = {
			isa = XCBuildConfiguration;
			buildSettings = {
				ALWAYS_SEARCH_USER_PATHS = NO;
				CLANG_CXX_LANGUAGE_STANDARD = "gnu++0x";
				CLANG_CXX_LIBRARY = "libc++";
				CLANG_ENABLE_MODULES = YES;
				CLANG_ENABLE_OBJC_ARC = YES;
				CLANG_WARN_BOOL_CONVERSION = YES;
				CLANG_WARN_CONSTANT_CONVERSION = YES;
				CLANG_WARN_DIRECT_OBJC_ISA_USAGE = YES_ERROR;
				CLANG_WARN_EMPTY_BODY = YES;
				CLANG_WARN_ENUM_CONVERSION = YES;
				CLANG_WARN_INT_CONVERSION = YES;
				CLANG_WARN_OBJC_ROOT_CLASS = YES_ERROR;
				CLANG_WARN_UNREACHABLE_CODE = YES;
				CLANG_WARN__DUPLICATE_METHOD_MATCH = YES;
				CODE_SIGN_IDENTITY = "-";
				COPY_PHASE_STRIP = NO;
				DEBUG_INFORMATION_FORMAT = "dwarf-with-dsym";
				ENABLE_NS_ASSERTIONS = NO;
				ENABLE_STRICT_OBJC_MSGSEND = YES;
				GCC_C_LANGUAGE_STANDARD = gnu99;
				GCC_NO_COMMON_BLOCKS = YES;
				GCC_WARN_64_TO_32_BIT_CONVERSION = YES;
				GCC_WARN_ABOUT_RETURN_TYPE = YES_ERROR;
				GCC_WARN_UNDECLARED_SELECTOR = YES;
				GCC_WARN_UNINITIALIZED_AUTOS = YES_AGGRESSIVE;
				GCC_WARN_UNUSED_FUNCTION = YES;
				GCC_WARN_UNUSED_VARIABLE = YES;
				MACOSX_DEPLOYMENT_TARGET = 10.11;
				MTL_ENABLE_DEBUG_INFO = NO;
				SDKROOT = macosx;
			};
			name = Release;
		};
		CCEF55061CBF60B5002F4FBB /* Debug */ = {
			isa = XCBuildConfiguration;
			buildSettings = {
				PRODUCT_NAME = "$(TARGET_NAME)";
			};
			name = Debug;
		};
		CCEF55071CBF60B5002F4FBB /* Release */ = {
			isa = XCBuildConfiguration;
			buildSettings = {
				PRODUCT_NAME = "$(TARGET_NAME)";
			};
			name = Release;
		};
/* End XCBuildConfiguration section */

/* Begin XCConfigurationList section */
		CCEF54F91CBF60B5002F4FBB /* Build configuration list for PBXProject "block实现登录注册" */ = {
			isa = XCConfigurationList;
			buildConfigurations = (
				CCEF55031CBF60B5002F4FBB /* Debug */,
				CCEF55041CBF60B5002F4FBB /* Release */,
			);
			defaultConfigurationIsVisible = 0;
			defaultConfigurationName = Release;
		};
		CCEF55051CBF60B5002F4FBB /* Build configuration list for PBXNativeTarget "block实现登录注册" */ = {
			isa = XCConfigurationList;
			buildConfigurations = (
				CCEF55061CBF60B5002F4FBB /* Debug */,
				CCEF55071CBF60B5002F4FBB /* Release */,
			);
			defaultConfigurationIsVisible = 0;
		};
/* End XCConfigurationList section */
	};
	rootObject = CCEF54F61CBF60B5002F4FBB /* Project object */;
}
