// !$*UTF8*$!
{
	archiveVersion = 1;
	classes = {
	};
	objectVersion = 46;
	objects = {

/* Begin PBXBuildFile section */
		CCE4AB901CACE97E00AAA0E2 /* main.m in Sources */ = {isa = PBXBuildFile; fileRef = CCE4AB8F1CACE97E00AAA0E2 /* main.m */; };
		CCE4AB981CACEB0F00AAA0E2 /* de.m in Sources */ = {isa = PBXBuildFile; fileRef = CCE4AB971CACEB0F00AAA0E2 /* de.m */; };
/* End PBXBuildFile section */

/* Begin PBXCopyFilesBuildPhase section */
		CCE4AB8A1CACE97E00AAA0E2 /* CopyFiles */ = {
			isa = PBXCopyFilesBuildPhase;
			buildActionMask = 2147483647;
			dstPath = /usr/share/man/man1/;
			dstSubfolderSpec = 0;
			files = (
			);
			runOnlyForDeploymentPostprocessing = 1;
		};
/* End PBXCopyFilesBuildPhase section */

/* Begin PBXFileReference section */
		CCE4AB8C1CACE97E00AAA0E2 /* 头文件 */ = {isa = PBXFileReference; explicitFileType = "compiled.mach-o.executable"; includeInIndex = 0; path = "头文件"; sourceTree = BUILT_PRODUCTS_DIR; };
		CCE4AB8F1CACE97E00AAA0E2 /* main.m */ = {isa = PBXFileReference; lastKnownFileType = sourcecode.c.objc; path = main.m; sourceTree = "<group>"; };
		CCE4AB961CACEB0F00AAA0E2 /* de.h */ = {isa = PBXFileReference; fileEncoding = 4; lastKnownFileType = sourcecode.c.h; path = de.h; sourceTree = "<group>"; };
		CCE4AB971CACEB0F00AAA0E2 /* de.m */ = {isa = PBXFileReference; fileEncoding = 4; lastKnownFileType = sourcecode.c.objc; path = de.m; sourceTree = "<group>"; };
/* End PBXFileReference section */

/* Begin PBXFrameworksBuildPhase section */
		CCE4AB891CACE97E00AAA0E2 /* Frameworks */ = {
			isa = PBXFrameworksBuildPhase;
			buildActionMask = 2147483647;
			files = (
			);
			runOnlyForDeploymentPostprocessing = 0;
		};
/* End PBXFrameworksBuildPhase section */

/* Begin PBXGroup section */
		CCE4AB831CACE97E00AAA0E2 = {
			isa = PBXGroup;
			children = (
				CCE4AB8E1CACE97E00AAA0E2 /* 头文件 */,
				CCE4AB8D1CACE97E00AAA0E2 /* Products */,
			);
			sourceTree = "<group>";
		};
		CCE4AB8D1CACE97E00AAA0E2 /* Products */ = {
			isa = PBXGroup;
			children = (
				CCE4AB8C1CACE97E00AAA0E2 /* 头文件 */,
			);
			name = Products;
			sourceTree = "<group>";
		};
		CCE4AB8E1CACE97E00AAA0E2 /* 头文件 */ = {
			isa = PBXGroup;
			children = (
				CCE4AB8F1CACE97E00AAA0E2 /* main.m */,
				CCE4AB961CACEB0F00AAA0E2 /* de.h */,
				CCE4AB971CACEB0F00AAA0E2 /* de.m */,
			);
			path = "头文件";
			sourceTree = "<group>";
		};
/* End PBXGroup section */

/* Begin PBXNativeTarget section */
		CCE4AB8B1CACE97E00AAA0E2 /* 头文件 */ = {
			isa = PBXNativeTarget;
			buildConfigurationList = CCE4AB931CACE97E00AAA0E2 /* Build configuration list for PBXNativeTarget "头文件" */;
			buildPhases = (
				CCE4AB881CACE97E00AAA0E2 /* Sources */,
				CCE4AB891CACE97E00AAA0E2 /* Frameworks */,
				CCE4AB8A1CACE97E00AAA0E2 /* CopyFiles */,
			);
			buildRules = (
			);
			dependencies = (
			);
			name = "头文件";
			productName = "头文件";
			productReference = CCE4AB8C1CACE97E00AAA0E2 /* 头文件 */;
			productType = "com.apple.product-type.tool";
		};
/* End PBXNativeTarget section */

/* Begin PBXProject section */
		CCE4AB841CACE97E00AAA0E2 /* Project object */ = {
			isa = PBXProject;
			attributes = {
				LastUpgradeCheck = 0710;
				ORGANIZATIONNAME = qingyun;
				TargetAttributes = {
					CCE4AB8B1CACE97E00AAA0E2 = {
						CreatedOnToolsVersion = 7.1;
					};
				};
			};
			buildConfigurationList = CCE4AB871CACE97E00AAA0E2 /* Build configuration list for PBXProject "头文件" */;
			compatibilityVersion = "Xcode 3.2";
			developmentRegion = English;
			hasScannedForEncodings = 0;
			knownRegions = (
				en,
			);
			mainGroup = CCE4AB831CACE97E00AAA0E2;
			productRefGroup = CCE4AB8D1CACE97E00AAA0E2 /* Products */;
			projectDirPath = "";
			projectRoot = "";
			targets = (
				CCE4AB8B1CACE97E00AAA0E2 /* 头文件 */,
			);
		};
/* End PBXProject section */

/* Begin PBXSourcesBuildPhase section */
		CCE4AB881CACE97E00AAA0E2 /* Sources */ = {
			isa = PBXSourcesBuildPhase;
			buildActionMask = 2147483647;
			files = (
				CCE4AB981CACEB0F00AAA0E2 /* de.m in Sources */,
				CCE4AB901CACE97E00AAA0E2 /* main.m in Sources */,
			);
			runOnlyForDeploymentPostprocessing = 0;
		};
/* End PBXSourcesBuildPhase section */

/* Begin XCBuildConfiguration section */
		CCE4AB911CACE97E00AAA0E2 /* Debug */ = {
			isa = XCBuildConfiguration;
			buildSettings = {
				ALWAYS_SEARCH_USER_PATHS = NO;
				CLANG_CXX_LANGUAGE_STANDARD = "gnu++0x";
				CLANG_CXX_LIBRARY = "libc++";
				CLANG_ENABLE_MODULES = YES;
				CLANG_ENABLE_OBJC_ARC = YES;
				CLANG_WARN_BOOL_CONVERSION = YES;
				CLANG_WARN_CONSTANT_CONVERSION = YES;
				CLANG_WARN_DIRECT_OBJC_ISA_USAGE = YES_ERROR;
				CLANG_WARN_EMPTY_BODY = YES;
				CLANG_WARN_ENUM_CONVERSION = YES;
				CLANG_WARN_INT_CONVERSION = YES;
				CLANG_WARN_OBJC_ROOT_CLASS = YES_ERROR;
				CLANG_WARN_UNREACHABLE_CODE = YES;
				CLANG_WARN__DUPLICATE_METHOD_MATCH = YES;
				CODE_SIGN_IDENTITY = "-";
				COPY_PHASE_STRIP = NO;
				DEBUG_INFORMATION_FORMAT = dwarf;
				ENABLE_STRICT_OBJC_MSGSEND = YES;
				ENABLE_TESTABILITY = YES;
				GCC_C_LANGUAGE_STANDARD = gnu99;
				GCC_DYNAMIC_NO_PIC = NO;
				GCC_NO_COMMON_BLOCKS = YES;
				GCC_OPTIMIZATION_LEVEL = 0;
				GCC_PREPROCESSOR_DEFINITIONS = (
					"DEBUG=1",
					"$(inherited)",
				);
				GCC_WARN_64_TO_32_BIT_CONVERSION = YES;
				GCC_WARN_ABOUT_RETURN_TYPE = YES_ERROR;
				GCC_WARN_UNDECLARED_SELECTOR = YES;
				GCC_WARN_UNINITIALIZED_AUTOS = YES_AGGRESSIVE;
				GCC_WARN_UNUSED_FUNCTION = YES;
				GCC_WARN_UNUSED_VARIABLE = YES;
				MACOSX_DEPLOYMENT_TARGET = 10.11;
				MTL_ENABLE_DEBUG_INFO = YES;
				ONLY_ACTIVE_ARCH = YES;
				SDKROOT = macosx;
			};
			name = Debug;
		};
		CCE4AB921CACE97E00AAA0E2 /* Release */ = {
			isa = XCBuildConfiguration;
			buildSettings = {
				ALWAYS_SEARCH_USER_PATHS = NO;
				CLANG_CXX_LANGUAGE_STANDARD = "gnu++0x";
				CLANG_CXX_LIBRARY = "libc++";
				CLANG_ENABLE_MODULES = YES;
				CLANG_ENABLE_OBJC_ARC = YES;
				CLANG_WARN_BOOL_CONVERSION = YES;
				CLANG_WARN_CONSTANT_CONVERSION = YES;
				CLANG_WARN_DIRECT_OBJC_ISA_USAGE = YES_ERROR;
				CLANG_WARN_EMPTY_BODY = YES;
				CLANG_WARN_ENUM_CONVERSION = YES;
				CLANG_WARN_INT_CONVERSION = YES;
				CLANG_WARN_OBJC_ROOT_CLASS = YES_ERROR;
				CLANG_WARN_UNREACHABLE_CODE = YES;
				CLANG_WARN__DUPLICATE_METHOD_MATCH = YES;
				CODE_SIGN_IDENTITY = "-";
				COPY_PHASE_STRIP = NO;
				DEBUG_INFORMATION_FORMAT = "dwarf-with-dsym";
				ENABLE_NS_ASSERTIONS = NO;
				ENABLE_STRICT_OBJC_MSGSEND = YES;
				GCC_C_LANGUAGE_STANDARD = gnu99;
				GCC_NO_COMMON_BLOCKS = YES;
				GCC_WARN_64_TO_32_BIT_CONVERSION = YES;
				GCC_WARN_ABOUT_RETURN_TYPE = YES_ERROR;
				GCC_WARN_UNDECLARED_SELECTOR = YES;
				GCC_WARN_UNINITIALIZED_AUTOS = YES_AGGRESSIVE;
				GCC_WARN_UNUSED_FUNCTION = YES;
				GCC_WARN_UNUSED_VARIABLE = YES;
				MACOSX_DEPLOYMENT_TARGET = 10.11;
				MTL_ENABLE_DEBUG_INFO = NO;
				SDKROOT = macosx;
			};
			name = Release;
		};
		CCE4AB941CACE97E00AAA0E2 /* Debug */ = {
			isa = XCBuildConfiguration;
			buildSettings = {
				PRODUCT_NAME = "$(TARGET_NAME)";
			};
			name = Debug;
		};
		CCE4AB951CACE97E00AAA0E2 /* Release */ = {
			isa = XCBuildConfiguration;
			buildSettings = {
				PRODUCT_NAME = "$(TARGET_NAME)";
			};
			name = Release;
		};
/* End XCBuildConfiguration section */

/* Begin XCConfigurationList section */
		CCE4AB871CACE97E00AAA0E2 /* Build configuration list for PBXProject "头文件" */ = {
			isa = XCConfigurationList;
			buildConfigurations = (
				CCE4AB911CACE97E00AAA0E2 /* Debug */,
				CCE4AB921CACE97E00AAA0E2 /* Release */,
			);
			defaultConfigurationIsVisible = 0;
			defaultConfigurationName = Release;
		};
		CCE4AB931CACE97E00AAA0E2 /* Build configuration list for PBXNativeTarget "头文件" */ = {
			isa = XCConfigurationList;
			buildConfigurations = (
				CCE4AB941CACE97E00AAA0E2 /* Debug */,
				CCE4AB951CACE97E00AAA0E2 /* Release */,
			);
			defaultConfigurationIsVisible = 0;
		};
/* End XCConfigurationList section */
	};
	rootObject = CCE4AB841CACE97E00AAA0E2 /* Project object */;
}
