// !$*UTF8*$!
{
	archiveVersion = 1;
	classes = {
	};
	objectVersion = 46;
	objects = {

/* Begin PBXBuildFile section */
		CCA8B4C51CC08C0D00C38E65 /* main.m in Sources */ = {isa = PBXBuildFile; fileRef = CCA8B4C41CC08C0D00C38E65 /* main.m */; };
		CCA8B4CD1CC08C3C00C38E65 /* Person.m in Sources */ = {isa = PBXBuildFile; fileRef = CCA8B4CC1CC08C3C00C38E65 /* Person.m */; };
/* End PBXBuildFile section */

/* Begin PBXCopyFilesBuildPhase section */
		CCA8B4BF1CC08C0D00C38E65 /* CopyFiles */ = {
			isa = PBXCopyFilesBuildPhase;
			buildActionMask = 2147483647;
			dstPath = /usr/share/man/man1/;
			dstSubfolderSpec = 0;
			files = (
			);
			runOnlyForDeploymentPostprocessing = 1;
		};
/* End PBXCopyFilesBuildPhase section */

/* Begin PBXFileReference section */
		CCA8B4C11CC08C0D00C38E65 /* 复习二 继承和复合 */ = {isa = PBXFileReference; explicitFileType = "compiled.mach-o.executable"; includeInIndex = 0; path = "复习二 继承和复合"; sourceTree = BUILT_PRODUCTS_DIR; };
		CCA8B4C41CC08C0D00C38E65 /* main.m */ = {isa = PBXFileReference; lastKnownFileType = sourcecode.c.objc; path = main.m; sourceTree = "<group>"; };
		CCA8B4CB1CC08C3C00C38E65 /* Person.h */ = {isa = PBXFileReference; fileEncoding = 4; lastKnownFileType = sourcecode.c.h; path = Person.h; sourceTree = "<group>"; };
		CCA8B4CC1CC08C3C00C38E65 /* Person.m */ = {isa = PBXFileReference; fileEncoding = 4; lastKnownFileType = sourcecode.c.objc; path = Person.m; sourceTree = "<group>"; };
/* End PBXFileReference section */

/* Begin PBXFrameworksBuildPhase section */
		CCA8B4BE1CC08C0D00C38E65 /* Frameworks */ = {
			isa = PBXFrameworksBuildPhase;
			buildActionMask = 2147483647;
			files = (
			);
			runOnlyForDeploymentPostprocessing = 0;
		};
/* End PBXFrameworksBuildPhase section */

/* Begin PBXGroup section */
		CCA8B4B81CC08C0D00C38E65 = {
			isa = PBXGroup;
			children = (
				CCA8B4C31CC08C0D00C38E65 /* 复习二 继承和复合 */,
				CCA8B4C21CC08C0D00C38E65 /* Products */,
			);
			sourceTree = "<group>";
		};
		CCA8B4C21CC08C0D00C38E65 /* Products */ = {
			isa = PBXGroup;
			children = (
				CCA8B4C11CC08C0D00C38E65 /* 复习二 继承和复合 */,
			);
			name = Products;
			sourceTree = "<group>";
		};
		CCA8B4C31CC08C0D00C38E65 /* 复习二 继承和复合 */ = {
			isa = PBXGroup;
			children = (
				CCA8B4C41CC08C0D00C38E65 /* main.m */,
				CCA8B4CB1CC08C3C00C38E65 /* Person.h */,
				CCA8B4CC1CC08C3C00C38E65 /* Person.m */,
			);
			path = "复习二 继承和复合";
			sourceTree = "<group>";
		};
/* End PBXGroup section */

/* Begin PBXNativeTarget section */
		CCA8B4C01CC08C0D00C38E65 /* 复习二 继承和复合 */ = {
			isa = PBXNativeTarget;
			buildConfigurationList = CCA8B4C81CC08C0D00C38E65 /* Build configuration list for PBXNativeTarget "复习二 继承和复合" */;
			buildPhases = (
				CCA8B4BD1CC08C0D00C38E65 /* Sources */,
				CCA8B4BE1CC08C0D00C38E65 /* Frameworks */,
				CCA8B4BF1CC08C0D00C38E65 /* CopyFiles */,
			);
			buildRules = (
			);
			dependencies = (
			);
			name = "复习二 继承和复合";
			productName = "复习二 继承和复合";
			productReference = CCA8B4C11CC08C0D00C38E65 /* 复习二 继承和复合 */;
			productType = "com.apple.product-type.tool";
		};
/* End PBXNativeTarget section */

/* Begin PBXProject section */
		CCA8B4B91CC08C0D00C38E65 /* Project object */ = {
			isa = PBXProject;
			attributes = {
				LastUpgradeCheck = 0710;
				ORGANIZATIONNAME = qingyun;
				TargetAttributes = {
					CCA8B4C01CC08C0D00C38E65 = {
						CreatedOnToolsVersion = 7.1;
					};
				};
			};
			buildConfigurationList = CCA8B4BC1CC08C0D00C38E65 /* Build configuration list for PBXProject "复习二 继承和复合" */;
			compatibilityVersion = "Xcode 3.2";
			developmentRegion = English;
			hasScannedForEncodings = 0;
			knownRegions = (
				en,
			);
			mainGroup = CCA8B4B81CC08C0D00C38E65;
			productRefGroup = CCA8B4C21CC08C0D00C38E65 /* Products */;
			projectDirPath = "";
			projectRoot = "";
			targets = (
				CCA8B4C01CC08C0D00C38E65 /* 复习二 继承和复合 */,
			);
		};
/* End PBXProject section */

/* Begin PBXSourcesBuildPhase section */
		CCA8B4BD1CC08C0D00C38E65 /* Sources */ = {
			isa = PBXSourcesBuildPhase;
			buildActionMask = 2147483647;
			files = (
				CCA8B4CD1CC08C3C00C38E65 /* Person.m in Sources */,
				CCA8B4C51CC08C0D00C38E65 /* main.m in Sources */,
			);
			runOnlyForDeploymentPostprocessing = 0;
		};
/* End PBXSourcesBuildPhase section */

/* Begin XCBuildConfiguration section */
		CCA8B4C61CC08C0D00C38E65 /* Debug */ = {
			isa = XCBuildConfiguration;
			buildSettings = {
				ALWAYS_SEARCH_USER_PATHS = NO;
				CLANG_CXX_LANGUAGE_STANDARD = "gnu++0x";
				CLANG_CXX_LIBRARY = "libc++";
				CLANG_ENABLE_MODULES = YES;
				CLANG_ENABLE_OBJC_ARC = YES;
				CLANG_WARN_BOOL_CONVERSION = YES;
				CLANG_WARN_CONSTANT_CONVERSION = YES;
				CLANG_WARN_DIRECT_OBJC_ISA_USAGE = YES_ERROR;
				CLANG_WARN_EMPTY_BODY = YES;
				CLANG_WARN_ENUM_CONVERSION = YES;
				CLANG_WARN_INT_CONVERSION = YES;
				CLANG_WARN_OBJC_ROOT_CLASS = YES_ERROR;
				CLANG_WARN_UNREACHABLE_CODE = YES;
				CLANG_WARN__DUPLICATE_METHOD_MATCH = YES;
				CODE_SIGN_IDENTITY = "-";
				COPY_PHASE_STRIP = NO;
				DEBUG_INFORMATION_FORMAT = dwarf;
				ENABLE_STRICT_OBJC_MSGSEND = YES;
				ENABLE_TESTABILITY = YES;
				GCC_C_LANGUAGE_STANDARD = gnu99;
				GCC_DYNAMIC_NO_PIC = NO;
				GCC_NO_COMMON_BLOCKS = YES;
				GCC_OPTIMIZATION_LEVEL = 0;
				GCC_PREPROCESSOR_DEFINITIONS = (
					"DEBUG=1",
					"$(inherited)",
				);
				GCC_WARN_64_TO_32_BIT_CONVERSION = YES;
				GCC_WARN_ABOUT_RETURN_TYPE = YES_ERROR;
				GCC_WARN_UNDECLARED_SELECTOR = YES;
				GCC_WARN_UNINITIALIZED_AUTOS = YES_AGGRESSIVE;
				GCC_WARN_UNUSED_FUNCTION = YES;
				GCC_WARN_UNUSED_VARIABLE = YES;
				MACOSX_DEPLOYMENT_TARGET = 10.11;
				MTL_ENABLE_DEBUG_INFO = YES;
				ONLY_ACTIVE_ARCH = YES;
				SDKROOT = macosx;
			};
			name = Debug;
		};
		CCA8B4C71CC08C0D00C38E65 /* Release */ = {
			isa = XCBuildConfiguration;
			buildSettings = {
				ALWAYS_SEARCH_USER_PATHS = NO;
				CLANG_CXX_LANGUAGE_STANDARD = "gnu++0x";
				CLANG_CXX_LIBRARY = "libc++";
				CLANG_ENABLE_MODULES = YES;
				CLANG_ENABLE_OBJC_ARC = YES;
				CLANG_WARN_BOOL_CONVERSION = YES;
				CLANG_WARN_CONSTANT_CONVERSION = YES;
				CLANG_WARN_DIRECT_OBJC_ISA_USAGE = YES_ERROR;
				CLANG_WARN_EMPTY_BODY = YES;
				CLANG_WARN_ENUM_CONVERSION = YES;
				CLANG_WARN_INT_CONVERSION = YES;
				CLANG_WARN_OBJC_ROOT_CLASS = YES_ERROR;
				CLANG_WARN_UNREACHABLE_CODE = YES;
				CLANG_WARN__DUPLICATE_METHOD_MATCH = YES;
				CODE_SIGN_IDENTITY = "-";
				COPY_PHASE_STRIP = NO;
				DEBUG_INFORMATION_FORMAT = "dwarf-with-dsym";
				ENABLE_NS_ASSERTIONS = NO;
				ENABLE_STRICT_OBJC_MSGSEND = YES;
				GCC_C_LANGUAGE_STANDARD = gnu99;
				GCC_NO_COMMON_BLOCKS = YES;
				GCC_WARN_64_TO_32_BIT_CONVERSION = YES;
				GCC_WARN_ABOUT_RETURN_TYPE = YES_ERROR;
				GCC_WARN_UNDECLARED_SELECTOR = YES;
				GCC_WARN_UNINITIALIZED_AUTOS = YES_AGGRESSIVE;
				GCC_WARN_UNUSED_FUNCTION = YES;
				GCC_WARN_UNUSED_VARIABLE = YES;
				MACOSX_DEPLOYMENT_TARGET = 10.11;
				MTL_ENABLE_DEBUG_INFO = NO;
				SDKROOT = macosx;
			};
			name = Release;
		};
		CCA8B4C91CC08C0D00C38E65 /* Debug */ = {
			isa = XCBuildConfiguration;
			buildSettings = {
				PRODUCT_NAME = "$(TARGET_NAME)";
			};
			name = Debug;
		};
		CCA8B4CA1CC08C0D00C38E65 /* Release */ = {
			isa = XCBuildConfiguration;
			buildSettings = {
				PRODUCT_NAME = "$(TARGET_NAME)";
			};
			name = Release;
		};
/* End XCBuildConfiguration section */

/* Begin XCConfigurationList section */
		CCA8B4BC1CC08C0D00C38E65 /* Build configuration list for PBXProject "复习二 继承和复合" */ = {
			isa = XCConfigurationList;
			buildConfigurations = (
				CCA8B4C61CC08C0D00C38E65 /* Debug */,
				CCA8B4C71CC08C0D00C38E65 /* Release */,
			);
			defaultConfigurationIsVisible = 0;
			defaultConfigurationName = Release;
		};
		CCA8B4C81CC08C0D00C38E65 /* Build configuration list for PBXNativeTarget "复习二 继承和复合" */ = {
			isa = XCConfigurationList;
			buildConfigurations = (
				CCA8B4C91CC08C0D00C38E65 /* Debug */,
				CCA8B4CA1CC08C0D00C38E65 /* Release */,
			);
			defaultConfigurationIsVisible = 0;
		};
/* End XCConfigurationList section */
	};
	rootObject = CCA8B4B91CC08C0D00C38E65 /* Project object */;
}
