// !$*UTF8*$!
{
	archiveVersion = 1;
	classes = {
	};
	objectVersion = 46;
	objects = {

/* Begin PBXBuildFile section */
		CC4C774F1CB5E7B4003D6869 /* Person.m in Sources */ = {isa = PBXBuildFile; fileRef = CC4C774E1CB5E7B4003D6869 /* Person.m */; };
		CC4C77521CB5EE96003D6869 /* Student.m in Sources */ = {isa = PBXBuildFile; fileRef = CC4C77511CB5EE96003D6869 /* Student.m */; };
		CC4C77551CB5F284003D6869 /* Car.m in Sources */ = {isa = PBXBuildFile; fileRef = CC4C77541CB5F284003D6869 /* Car.m */; };
		CC4C77581CB5F290003D6869 /* Tire.m in Sources */ = {isa = PBXBuildFile; fileRef = CC4C77571CB5F290003D6869 /* Tire.m */; };
		CCC5580B1CB543640043AE8D /* main.m in Sources */ = {isa = PBXBuildFile; fileRef = CCC5580A1CB543640043AE8D /* main.m */; };
/* End PBXBuildFile section */

/* Begin PBXCopyFilesBuildPhase section */
		CCC558051CB543640043AE8D /* CopyFiles */ = {
			isa = PBXCopyFilesBuildPhase;
			buildActionMask = 2147483647;
			dstPath = /usr/share/man/man1/;
			dstSubfolderSpec = 0;
			files = (
			);
			runOnlyForDeploymentPostprocessing = 1;
		};
/* End PBXCopyFilesBuildPhase section */

/* Begin PBXFileReference section */
		CC4C774D1CB5E7B4003D6869 /* Person.h */ = {isa = PBXFileReference; fileEncoding = 4; lastKnownFileType = sourcecode.c.h; path = Person.h; sourceTree = "<group>"; };
		CC4C774E1CB5E7B4003D6869 /* Person.m */ = {isa = PBXFileReference; fileEncoding = 4; lastKnownFileType = sourcecode.c.objc; path = Person.m; sourceTree = "<group>"; };
		CC4C77501CB5EE96003D6869 /* Student.h */ = {isa = PBXFileReference; fileEncoding = 4; lastKnownFileType = sourcecode.c.h; path = Student.h; sourceTree = "<group>"; };
		CC4C77511CB5EE96003D6869 /* Student.m */ = {isa = PBXFileReference; fileEncoding = 4; lastKnownFileType = sourcecode.c.objc; path = Student.m; sourceTree = "<group>"; };
		CC4C77531CB5F284003D6869 /* Car.h */ = {isa = PBXFileReference; fileEncoding = 4; lastKnownFileType = sourcecode.c.h; path = Car.h; sourceTree = "<group>"; };
		CC4C77541CB5F284003D6869 /* Car.m */ = {isa = PBXFileReference; fileEncoding = 4; lastKnownFileType = sourcecode.c.objc; path = Car.m; sourceTree = "<group>"; };
		CC4C77561CB5F290003D6869 /* Tire.h */ = {isa = PBXFileReference; fileEncoding = 4; lastKnownFileType = sourcecode.c.h; path = Tire.h; sourceTree = "<group>"; };
		CC4C77571CB5F290003D6869 /* Tire.m */ = {isa = PBXFileReference; fileEncoding = 4; lastKnownFileType = sourcecode.c.objc; path = Tire.m; sourceTree = "<group>"; };
		CCC558071CB543640043AE8D /* 对象所有权 */ = {isa = PBXFileReference; explicitFileType = "compiled.mach-o.executable"; includeInIndex = 0; path = "对象所有权"; sourceTree = BUILT_PRODUCTS_DIR; };
		CCC5580A1CB543640043AE8D /* main.m */ = {isa = PBXFileReference; lastKnownFileType = sourcecode.c.objc; path = main.m; sourceTree = "<group>"; };
/* End PBXFileReference section */

/* Begin PBXFrameworksBuildPhase section */
		CCC558041CB543640043AE8D /* Frameworks */ = {
			isa = PBXFrameworksBuildPhase;
			buildActionMask = 2147483647;
			files = (
			);
			runOnlyForDeploymentPostprocessing = 0;
		};
/* End PBXFrameworksBuildPhase section */

/* Begin PBXGroup section */
		CCC557FE1CB543640043AE8D = {
			isa = PBXGroup;
			children = (
				CCC558091CB543640043AE8D /* 对象所有权 */,
				CCC558081CB543640043AE8D /* Products */,
			);
			sourceTree = "<group>";
		};
		CCC558081CB543640043AE8D /* Products */ = {
			isa = PBXGroup;
			children = (
				CCC558071CB543640043AE8D /* 对象所有权 */,
			);
			name = Products;
			sourceTree = "<group>";
		};
		CCC558091CB543640043AE8D /* 对象所有权 */ = {
			isa = PBXGroup;
			children = (
				CCC5580A1CB543640043AE8D /* main.m */,
				CC4C77531CB5F284003D6869 /* Car.h */,
				CC4C77541CB5F284003D6869 /* Car.m */,
				CC4C77561CB5F290003D6869 /* Tire.h */,
				CC4C77571CB5F290003D6869 /* Tire.m */,
				CC4C774D1CB5E7B4003D6869 /* Person.h */,
				CC4C774E1CB5E7B4003D6869 /* Person.m */,
				CC4C77501CB5EE96003D6869 /* Student.h */,
				CC4C77511CB5EE96003D6869 /* Student.m */,
			);
			path = "对象所有权";
			sourceTree = "<group>";
		};
/* End PBXGroup section */

/* Begin PBXNativeTarget section */
		CCC558061CB543640043AE8D /* 对象所有权 */ = {
			isa = PBXNativeTarget;
			buildConfigurationList = CCC5580E1CB543640043AE8D /* Build configuration list for PBXNativeTarget "对象所有权" */;
			buildPhases = (
				CCC558031CB543640043AE8D /* Sources */,
				CCC558041CB543640043AE8D /* Frameworks */,
				CCC558051CB543640043AE8D /* CopyFiles */,
			);
			buildRules = (
			);
			dependencies = (
			);
			name = "对象所有权";
			productName = "对象所有权";
			productReference = CCC558071CB543640043AE8D /* 对象所有权 */;
			productType = "com.apple.product-type.tool";
		};
/* End PBXNativeTarget section */

/* Begin PBXProject section */
		CCC557FF1CB543640043AE8D /* Project object */ = {
			isa = PBXProject;
			attributes = {
				LastUpgradeCheck = 0710;
				ORGANIZATIONNAME = qingyun;
				TargetAttributes = {
					CCC558061CB543640043AE8D = {
						CreatedOnToolsVersion = 7.1;
					};
				};
			};
			buildConfigurationList = CCC558021CB543640043AE8D /* Build configuration list for PBXProject "对象所有权" */;
			compatibilityVersion = "Xcode 3.2";
			developmentRegion = English;
			hasScannedForEncodings = 0;
			knownRegions = (
				en,
			);
			mainGroup = CCC557FE1CB543640043AE8D;
			productRefGroup = CCC558081CB543640043AE8D /* Products */;
			projectDirPath = "";
			projectRoot = "";
			targets = (
				CCC558061CB543640043AE8D /* 对象所有权 */,
			);
		};
/* End PBXProject section */

/* Begin PBXSourcesBuildPhase section */
		CCC558031CB543640043AE8D /* Sources */ = {
			isa = PBXSourcesBuildPhase;
			buildActionMask = 2147483647;
			files = (
				CC4C77581CB5F290003D6869 /* Tire.m in Sources */,
				CC4C774F1CB5E7B4003D6869 /* Person.m in Sources */,
				CCC5580B1CB543640043AE8D /* main.m in Sources */,
				CC4C77551CB5F284003D6869 /* Car.m in Sources */,
				CC4C77521CB5EE96003D6869 /* Student.m in Sources */,
			);
			runOnlyForDeploymentPostprocessing = 0;
		};
/* End PBXSourcesBuildPhase section */

/* Begin XCBuildConfiguration section */
		CCC5580C1CB543640043AE8D /* Debug */ = {
			isa = XCBuildConfiguration;
			buildSettings = {
				ALWAYS_SEARCH_USER_PATHS = NO;
				CLANG_CXX_LANGUAGE_STANDARD = "gnu++0x";
				CLANG_CXX_LIBRARY = "libc++";
				CLANG_ENABLE_MODULES = YES;
				CLANG_ENABLE_OBJC_ARC = YES;
				CLANG_WARN_BOOL_CONVERSION = YES;
				CLANG_WARN_CONSTANT_CONVERSION = YES;
				CLANG_WARN_DIRECT_OBJC_ISA_USAGE = YES_ERROR;
				CLANG_WARN_EMPTY_BODY = YES;
				CLANG_WARN_ENUM_CONVERSION = YES;
				CLANG_WARN_INT_CONVERSION = YES;
				CLANG_WARN_OBJC_ROOT_CLASS = YES_ERROR;
				CLANG_WARN_UNREACHABLE_CODE = YES;
				CLANG_WARN__DUPLICATE_METHOD_MATCH = YES;
				CODE_SIGN_IDENTITY = "-";
				COPY_PHASE_STRIP = NO;
				DEBUG_INFORMATION_FORMAT = dwarf;
				ENABLE_STRICT_OBJC_MSGSEND = YES;
				ENABLE_TESTABILITY = YES;
				GCC_C_LANGUAGE_STANDARD = gnu99;
				GCC_DYNAMIC_NO_PIC = NO;
				GCC_NO_COMMON_BLOCKS = YES;
				GCC_OPTIMIZATION_LEVEL = 0;
				GCC_PREPROCESSOR_DEFINITIONS = (
					"DEBUG=1",
					"$(inherited)",
				);
				GCC_WARN_64_TO_32_BIT_CONVERSION = YES;
				GCC_WARN_ABOUT_RETURN_TYPE = YES_ERROR;
				GCC_WARN_UNDECLARED_SELECTOR = YES;
				GCC_WARN_UNINITIALIZED_AUTOS = YES_AGGRESSIVE;
				GCC_WARN_UNUSED_FUNCTION = YES;
				GCC_WARN_UNUSED_VARIABLE = YES;
				MACOSX_DEPLOYMENT_TARGET = 10.11;
				MTL_ENABLE_DEBUG_INFO = YES;
				ONLY_ACTIVE_ARCH = YES;
				SDKROOT = macosx;
			};
			name = Debug;
		};
		CCC5580D1CB543640043AE8D /* Release */ = {
			isa = XCBuildConfiguration;
			buildSettings = {
				ALWAYS_SEARCH_USER_PATHS = NO;
				CLANG_CXX_LANGUAGE_STANDARD = "gnu++0x";
				CLANG_CXX_LIBRARY = "libc++";
				CLANG_ENABLE_MODULES = YES;
				CLANG_ENABLE_OBJC_ARC = YES;
				CLANG_WARN_BOOL_CONVERSION = YES;
				CLANG_WARN_CONSTANT_CONVERSION = YES;
				CLANG_WARN_DIRECT_OBJC_ISA_USAGE = YES_ERROR;
				CLANG_WARN_EMPTY_BODY = YES;
				CLANG_WARN_ENUM_CONVERSION = YES;
				CLANG_WARN_INT_CONVERSION = YES;
				CLANG_WARN_OBJC_ROOT_CLASS = YES_ERROR;
				CLANG_WARN_UNREACHABLE_CODE = YES;
				CLANG_WARN__DUPLICATE_METHOD_MATCH = YES;
				CODE_SIGN_IDENTITY = "-";
				COPY_PHASE_STRIP = NO;
				DEBUG_INFORMATION_FORMAT = "dwarf-with-dsym";
				ENABLE_NS_ASSERTIONS = NO;
				ENABLE_STRICT_OBJC_MSGSEND = YES;
				GCC_C_LANGUAGE_STANDARD = gnu99;
				GCC_NO_COMMON_BLOCKS = YES;
				GCC_WARN_64_TO_32_BIT_CONVERSION = YES;
				GCC_WARN_ABOUT_RETURN_TYPE = YES_ERROR;
				GCC_WARN_UNDECLARED_SELECTOR = YES;
				GCC_WARN_UNINITIALIZED_AUTOS = YES_AGGRESSIVE;
				GCC_WARN_UNUSED_FUNCTION = YES;
				GCC_WARN_UNUSED_VARIABLE = YES;
				MACOSX_DEPLOYMENT_TARGET = 10.11;
				MTL_ENABLE_DEBUG_INFO = NO;
				SDKROOT = macosx;
			};
			name = Release;
		};
		CCC5580F1CB543640043AE8D /* Debug */ = {
			isa = XCBuildConfiguration;
			buildSettings = {
				CLANG_ENABLE_OBJC_ARC = NO;
				PRODUCT_NAME = "$(TARGET_NAME)";
			};
			name = Debug;
		};
		CCC558101CB543640043AE8D /* Release */ = {
			isa = XCBuildConfiguration;
			buildSettings = {
				CLANG_ENABLE_OBJC_ARC = NO;
				PRODUCT_NAME = "$(TARGET_NAME)";
			};
			name = Release;
		};
/* End XCBuildConfiguration section */

/* Begin XCConfigurationList section */
		CCC558021CB543640043AE8D /* Build configuration list for PBXProject "对象所有权" */ = {
			isa = XCConfigurationList;
			buildConfigurations = (
				CCC5580C1CB543640043AE8D /* Debug */,
				CCC5580D1CB543640043AE8D /* Release */,
			);
			defaultConfigurationIsVisible = 0;
			defaultConfigurationName = Release;
		};
		CCC5580E1CB543640043AE8D /* Build configuration list for PBXNativeTarget "对象所有权" */ = {
			isa = XCConfigurationList;
			buildConfigurations = (
				CCC5580F1CB543640043AE8D /* Debug */,
				CCC558101CB543640043AE8D /* Release */,
			);
			defaultConfigurationIsVisible = 0;
			defaultConfigurationName = Release;
		};
/* End XCConfigurationList section */
	};
	rootObject = CCC557FF1CB543640043AE8D /* Project object */;
}
