// !$*UTF8*$!
{
	archiveVersion = 1;
	classes = {
	};
	objectVersion = 46;
	objects = {

/* Begin PBXBuildFile section */
		CC160E841CBF7A940035C844 /* main.m in Sources */ = {isa = PBXBuildFile; fileRef = CC160E831CBF7A940035C844 /* main.m */; };
/* End PBXBuildFile section */

/* Begin PBXCopyFilesBuildPhase section */
		CC160E7E1CBF7A940035C844 /* CopyFiles */ = {
			isa = PBXCopyFilesBuildPhase;
			buildActionMask = 2147483647;
			dstPath = /usr/share/man/man1/;
			dstSubfolderSpec = 0;
			files = (
			);
			runOnlyForDeploymentPostprocessing = 1;
		};
/* End PBXCopyFilesBuildPhase section */

/* Begin PBXFileReference section */
		CC160E801CBF7A940035C844 /* OC-简单文件管理(NSFileManager) */ = {isa = PBXFileReference; explicitFileType = "compiled.mach-o.executable"; includeInIndex = 0; path = "OC-简单文件管理(NSFileManager)"; sourceTree = BUILT_PRODUCTS_DIR; };
		CC160E831CBF7A940035C844 /* main.m */ = {isa = PBXFileReference; lastKnownFileType = sourcecode.c.objc; path = main.m; sourceTree = "<group>"; };
/* End PBXFileReference section */

/* Begin PBXFrameworksBuildPhase section */
		CC160E7D1CBF7A940035C844 /* Frameworks */ = {
			isa = PBXFrameworksBuildPhase;
			buildActionMask = 2147483647;
			files = (
			);
			runOnlyForDeploymentPostprocessing = 0;
		};
/* End PBXFrameworksBuildPhase section */

/* Begin PBXGroup section */
		CC160E771CBF7A940035C844 = {
			isa = PBXGroup;
			children = (
				CC160E821CBF7A940035C844 /* OC-简单文件管理(NSFileManager) */,
				CC160E811CBF7A940035C844 /* Products */,
			);
			sourceTree = "<group>";
		};
		CC160E811CBF7A940035C844 /* Products */ = {
			isa = PBXGroup;
			children = (
				CC160E801CBF7A940035C844 /* OC-简单文件管理(NSFileManager) */,
			);
			name = Products;
			sourceTree = "<group>";
		};
		CC160E821CBF7A940035C844 /* OC-简单文件管理(NSFileManager) */ = {
			isa = PBXGroup;
			children = (
				CC160E831CBF7A940035C844 /* main.m */,
			);
			path = "OC-简单文件管理(NSFileManager)";
			sourceTree = "<group>";
		};
/* End PBXGroup section */

/* Begin PBXNativeTarget section */
		CC160E7F1CBF7A940035C844 /* OC-简单文件管理(NSFileManager) */ = {
			isa = PBXNativeTarget;
			buildConfigurationList = CC160E871CBF7A940035C844 /* Build configuration list for PBXNativeTarget "OC-简单文件管理(NSFileManager)" */;
			buildPhases = (
				CC160E7C1CBF7A940035C844 /* Sources */,
				CC160E7D1CBF7A940035C844 /* Frameworks */,
				CC160E7E1CBF7A940035C844 /* CopyFiles */,
			);
			buildRules = (
			);
			dependencies = (
			);
			name = "OC-简单文件管理(NSFileManager)";
			productName = "OC-简单文件管理(NSFileManager)";
			productReference = CC160E801CBF7A940035C844 /* OC-简单文件管理(NSFileManager) */;
			productType = "com.apple.product-type.tool";
		};
/* End PBXNativeTarget section */

/* Begin PBXProject section */
		CC160E781CBF7A940035C844 /* Project object */ = {
			isa = PBXProject;
			attributes = {
				LastUpgradeCheck = 0710;
				ORGANIZATIONNAME = QingYun;
				TargetAttributes = {
					CC160E7F1CBF7A940035C844 = {
						CreatedOnToolsVersion = 7.1.1;
					};
				};
			};
			buildConfigurationList = CC160E7B1CBF7A940035C844 /* Build configuration list for PBXProject "OC-简单文件管理(NSFileManager)" */;
			compatibilityVersion = "Xcode 3.2";
			developmentRegion = English;
			hasScannedForEncodings = 0;
			knownRegions = (
				en,
			);
			mainGroup = CC160E771CBF7A940035C844;
			productRefGroup = CC160E811CBF7A940035C844 /* Products */;
			projectDirPath = "";
			projectRoot = "";
			targets = (
				CC160E7F1CBF7A940035C844 /* OC-简单文件管理(NSFileManager) */,
			);
		};
/* End PBXProject section */

/* Begin PBXSourcesBuildPhase section */
		CC160E7C1CBF7A940035C844 /* Sources */ = {
			isa = PBXSourcesBuildPhase;
			buildActionMask = 2147483647;
			files = (
				CC160E841CBF7A940035C844 /* main.m in Sources */,
			);
			runOnlyForDeploymentPostprocessing = 0;
		};
/* End PBXSourcesBuildPhase section */

/* Begin XCBuildConfiguration section */
		CC160E851CBF7A940035C844 /* Debug */ = {
			isa = XCBuildConfiguration;
			buildSettings = {
				ALWAYS_SEARCH_USER_PATHS = NO;
				CLANG_CXX_LANGUAGE_STANDARD = "gnu++0x";
				CLANG_CXX_LIBRARY = "libc++";
				CLANG_ENABLE_MODULES = YES;
				CLANG_ENABLE_OBJC_ARC = YES;
				CLANG_WARN_BOOL_CONVERSION = YES;
				CLANG_WARN_CONSTANT_CONVERSION = YES;
				CLANG_WARN_DIRECT_OBJC_ISA_USAGE = YES_ERROR;
				CLANG_WARN_EMPTY_BODY = YES;
				CLANG_WARN_ENUM_CONVERSION = YES;
				CLANG_WARN_INT_CONVERSION = YES;
				CLANG_WARN_OBJC_ROOT_CLASS = YES_ERROR;
				CLANG_WARN_UNREACHABLE_CODE = YES;
				CLANG_WARN__DUPLICATE_METHOD_MATCH = YES;
				CODE_SIGN_IDENTITY = "-";
				COPY_PHASE_STRIP = NO;
				DEBUG_INFORMATION_FORMAT = dwarf;
				ENABLE_STRICT_OBJC_MSGSEND = YES;
				ENABLE_TESTABILITY = YES;
				GCC_C_LANGUAGE_STANDARD = gnu99;
				GCC_DYNAMIC_NO_PIC = NO;
				GCC_NO_COMMON_BLOCKS = YES;
				GCC_OPTIMIZATION_LEVEL = 0;
				GCC_PREPROCESSOR_DEFINITIONS = (
					"DEBUG=1",
					"$(inherited)",
				);
				GCC_WARN_64_TO_32_BIT_CONVERSION = YES;
				GCC_WARN_ABOUT_RETURN_TYPE = YES_ERROR;
				GCC_WARN_UNDECLARED_SELECTOR = YES;
				GCC_WARN_UNINITIALIZED_AUTOS = YES_AGGRESSIVE;
				GCC_WARN_UNUSED_FUNCTION = YES;
				GCC_WARN_UNUSED_VARIABLE = YES;
				MACOSX_DEPLOYMENT_TARGET = 10.11;
				MTL_ENABLE_DEBUG_INFO = YES;
				ONLY_ACTIVE_ARCH = YES;
				SDKROOT = macosx;
			};
			name = Debug;
		};
		CC160E861CBF7A940035C844 /* Release */ = {
			isa = XCBuildConfiguration;
			buildSettings = {
				ALWAYS_SEARCH_USER_PATHS = NO;
				CLANG_CXX_LANGUAGE_STANDARD = "gnu++0x";
				CLANG_CXX_LIBRARY = "libc++";
				CLANG_ENABLE_MODULES = YES;
				CLANG_ENABLE_OBJC_ARC = YES;
				CLANG_WARN_BOOL_CONVERSION = YES;
				CLANG_WARN_CONSTANT_CONVERSION = YES;
				CLANG_WARN_DIRECT_OBJC_ISA_USAGE = YES_ERROR;
				CLANG_WARN_EMPTY_BODY = YES;
				CLANG_WARN_ENUM_CONVERSION = YES;
				CLANG_WARN_INT_CONVERSION = YES;
				CLANG_WARN_OBJC_ROOT_CLASS = YES_ERROR;
				CLANG_WARN_UNREACHABLE_CODE = YES;
				CLANG_WARN__DUPLICATE_METHOD_MATCH = YES;
				CODE_SIGN_IDENTITY = "-";
				COPY_PHASE_STRIP = NO;
				DEBUG_INFORMATION_FORMAT = "dwarf-with-dsym";
				ENABLE_NS_ASSERTIONS = NO;
				ENABLE_STRICT_OBJC_MSGSEND = YES;
				GCC_C_LANGUAGE_STANDARD = gnu99;
				GCC_NO_COMMON_BLOCKS = YES;
				GCC_WARN_64_TO_32_BIT_CONVERSION = YES;
				GCC_WARN_ABOUT_RETURN_TYPE = YES_ERROR;
				GCC_WARN_UNDECLARED_SELECTOR = YES;
				GCC_WARN_UNINITIALIZED_AUTOS = YES_AGGRESSIVE;
				GCC_WARN_UNUSED_FUNCTION = YES;
				GCC_WARN_UNUSED_VARIABLE = YES;
				MACOSX_DEPLOYMENT_TARGET = 10.11;
				MTL_ENABLE_DEBUG_INFO = NO;
				SDKROOT = macosx;
			};
			name = Release;
		};
		CC160E881CBF7A940035C844 /* Debug */ = {
			isa = XCBuildConfiguration;
			buildSettings = {
				PRODUCT_NAME = "$(TARGET_NAME)";
			};
			name = Debug;
		};
		CC160E891CBF7A940035C844 /* Release */ = {
			isa = XCBuildConfiguration;
			buildSettings = {
				PRODUCT_NAME = "$(TARGET_NAME)";
			};
			name = Release;
		};
/* End XCBuildConfiguration section */

/* Begin XCConfigurationList section */
		CC160E7B1CBF7A940035C844 /* Build configuration list for PBXProject "OC-简单文件管理(NSFileManager)" */ = {
			isa = XCConfigurationList;
			buildConfigurations = (
				CC160E851CBF7A940035C844 /* Debug */,
				CC160E861CBF7A940035C844 /* Release */,
			);
			defaultConfigurationIsVisible = 0;
			defaultConfigurationName = Release;
		};
		CC160E871CBF7A940035C844 /* Build configuration list for PBXNativeTarget "OC-简单文件管理(NSFileManager)" */ = {
			isa = XCConfigurationList;
			buildConfigurations = (
				CC160E881CBF7A940035C844 /* Debug */,
				CC160E891CBF7A940035C844 /* Release */,
			);
			defaultConfigurationIsVisible = 0;
		};
/* End XCConfigurationList section */
	};
	rootObject = CC160E781CBF7A940035C844 /* Project object */;
}
