// !$*UTF8*$!
{
	archiveVersion = 1;
	classes = {
	};
	objectVersion = 46;
	objects = {

/* Begin PBXBuildFile section */
		CCE4ABEB1CAD497600AAA0E2 /* main.m in Sources */ = {isa = PBXBuildFile; fileRef = CCE4ABEA1CAD497600AAA0E2 /* main.m */; };
		CCE4ABF31CAD518600AAA0E2 /* 2.m in Sources */ = {isa = PBXBuildFile; fileRef = CCE4ABF21CAD518600AAA0E2 /* 2.m */; };
/* End PBXBuildFile section */

/* Begin PBXCopyFilesBuildPhase section */
		CCE4ABE51CAD497600AAA0E2 /* CopyFiles */ = {
			isa = PBXCopyFilesBuildPhase;
			buildActionMask = 2147483647;
			dstPath = /usr/share/man/man1/;
			dstSubfolderSpec = 0;
			files = (
			);
			runOnlyForDeploymentPostprocessing = 1;
		};
/* End PBXCopyFilesBuildPhase section */

/* Begin PBXFileReference section */
		CCE4ABE71CAD497600AAA0E2 /* 2 */ = {isa = PBXFileReference; explicitFileType = "compiled.mach-o.executable"; includeInIndex = 0; path = 2; sourceTree = BUILT_PRODUCTS_DIR; };
		CCE4ABEA1CAD497600AAA0E2 /* main.m */ = {isa = PBXFileReference; lastKnownFileType = sourcecode.c.objc; path = main.m; sourceTree = "<group>"; };
		CCE4ABF11CAD518600AAA0E2 /* 2.h */ = {isa = PBXFileReference; fileEncoding = 4; lastKnownFileType = sourcecode.c.h; path = 2.h; sourceTree = "<group>"; };
		CCE4ABF21CAD518600AAA0E2 /* 2.m */ = {isa = PBXFileReference; fileEncoding = 4; lastKnownFileType = sourcecode.c.objc; path = 2.m; sourceTree = "<group>"; };
/* End PBXFileReference section */

/* Begin PBXFrameworksBuildPhase section */
		CCE4ABE41CAD497600AAA0E2 /* Frameworks */ = {
			isa = PBXFrameworksBuildPhase;
			buildActionMask = 2147483647;
			files = (
			);
			runOnlyForDeploymentPostprocessing = 0;
		};
/* End PBXFrameworksBuildPhase section */

/* Begin PBXGroup section */
		CCE4ABDE1CAD497600AAA0E2 = {
			isa = PBXGroup;
			children = (
				CCE4ABE91CAD497600AAA0E2 /* 2 */,
				CCE4ABE81CAD497600AAA0E2 /* Products */,
			);
			sourceTree = "<group>";
		};
		CCE4ABE81CAD497600AAA0E2 /* Products */ = {
			isa = PBXGroup;
			children = (
				CCE4ABE71CAD497600AAA0E2 /* 2 */,
			);
			name = Products;
			sourceTree = "<group>";
		};
		CCE4ABE91CAD497600AAA0E2 /* 2 */ = {
			isa = PBXGroup;
			children = (
				CCE4ABEA1CAD497600AAA0E2 /* main.m */,
				CCE4ABF11CAD518600AAA0E2 /* 2.h */,
				CCE4ABF21CAD518600AAA0E2 /* 2.m */,
			);
			path = 2;
			sourceTree = "<group>";
		};
/* End PBXGroup section */

/* Begin PBXNativeTarget section */
		CCE4ABE61CAD497600AAA0E2 /* 2 */ = {
			isa = PBXNativeTarget;
			buildConfigurationList = CCE4ABEE1CAD497600AAA0E2 /* Build configuration list for PBXNativeTarget "2" */;
			buildPhases = (
				CCE4ABE31CAD497600AAA0E2 /* Sources */,
				CCE4ABE41CAD497600AAA0E2 /* Frameworks */,
				CCE4ABE51CAD497600AAA0E2 /* CopyFiles */,
			);
			buildRules = (
			);
			dependencies = (
			);
			name = 2;
			productName = 2;
			productReference = CCE4ABE71CAD497600AAA0E2 /* 2 */;
			productType = "com.apple.product-type.tool";
		};
/* End PBXNativeTarget section */

/* Begin PBXProject section */
		CCE4ABDF1CAD497600AAA0E2 /* Project object */ = {
			isa = PBXProject;
			attributes = {
				LastUpgradeCheck = 0710;
				ORGANIZATIONNAME = qingyun;
				TargetAttributes = {
					CCE4ABE61CAD497600AAA0E2 = {
						CreatedOnToolsVersion = 7.1;
					};
				};
			};
			buildConfigurationList = CCE4ABE21CAD497600AAA0E2 /* Build configuration list for PBXProject "2" */;
			compatibilityVersion = "Xcode 3.2";
			developmentRegion = English;
			hasScannedForEncodings = 0;
			knownRegions = (
				en,
			);
			mainGroup = CCE4ABDE1CAD497600AAA0E2;
			productRefGroup = CCE4ABE81CAD497600AAA0E2 /* Products */;
			projectDirPath = "";
			projectRoot = "";
			targets = (
				CCE4ABE61CAD497600AAA0E2 /* 2 */,
			);
		};
/* End PBXProject section */

/* Begin PBXSourcesBuildPhase section */
		CCE4ABE31CAD497600AAA0E2 /* Sources */ = {
			isa = PBXSourcesBuildPhase;
			buildActionMask = 2147483647;
			files = (
				CCE4ABF31CAD518600AAA0E2 /* 2.m in Sources */,
				CCE4ABEB1CAD497600AAA0E2 /* main.m in Sources */,
			);
			runOnlyForDeploymentPostprocessing = 0;
		};
/* End PBXSourcesBuildPhase section */

/* Begin XCBuildConfiguration section */
		CCE4ABEC1CAD497600AAA0E2 /* Debug */ = {
			isa = XCBuildConfiguration;
			buildSettings = {
				ALWAYS_SEARCH_USER_PATHS = NO;
				CLANG_CXX_LANGUAGE_STANDARD = "gnu++0x";
				CLANG_CXX_LIBRARY = "libc++";
				CLANG_ENABLE_MODULES = YES;
				CLANG_ENABLE_OBJC_ARC = YES;
				CLANG_WARN_BOOL_CONVERSION = YES;
				CLANG_WARN_CONSTANT_CONVERSION = YES;
				CLANG_WARN_DIRECT_OBJC_ISA_USAGE = YES_ERROR;
				CLANG_WARN_EMPTY_BODY = YES;
				CLANG_WARN_ENUM_CONVERSION = YES;
				CLANG_WARN_INT_CONVERSION = YES;
				CLANG_WARN_OBJC_ROOT_CLASS = YES_ERROR;
				CLANG_WARN_UNREACHABLE_CODE = YES;
				CLANG_WARN__DUPLICATE_METHOD_MATCH = YES;
				CODE_SIGN_IDENTITY = "-";
				COPY_PHASE_STRIP = NO;
				DEBUG_INFORMATION_FORMAT = dwarf;
				ENABLE_STRICT_OBJC_MSGSEND = YES;
				ENABLE_TESTABILITY = YES;
				GCC_C_LANGUAGE_STANDARD = gnu99;
				GCC_DYNAMIC_NO_PIC = NO;
				GCC_NO_COMMON_BLOCKS = YES;
				GCC_OPTIMIZATION_LEVEL = 0;
				GCC_PREPROCESSOR_DEFINITIONS = (
					"DEBUG=1",
					"$(inherited)",
				);
				GCC_WARN_64_TO_32_BIT_CONVERSION = YES;
				GCC_WARN_ABOUT_RETURN_TYPE = YES_ERROR;
				GCC_WARN_UNDECLARED_SELECTOR = YES;
				GCC_WARN_UNINITIALIZED_AUTOS = YES_AGGRESSIVE;
				GCC_WARN_UNUSED_FUNCTION = YES;
				GCC_WARN_UNUSED_VARIABLE = YES;
				MACOSX_DEPLOYMENT_TARGET = 10.11;
				MTL_ENABLE_DEBUG_INFO = YES;
				ONLY_ACTIVE_ARCH = YES;
				SDKROOT = macosx;
			};
			name = Debug;
		};
		CCE4ABED1CAD497600AAA0E2 /* Release */ = {
			isa = XCBuildConfiguration;
			buildSettings = {
				ALWAYS_SEARCH_USER_PATHS = NO;
				CLANG_CXX_LANGUAGE_STANDARD = "gnu++0x";
				CLANG_CXX_LIBRARY = "libc++";
				CLANG_ENABLE_MODULES = YES;
				CLANG_ENABLE_OBJC_ARC = YES;
				CLANG_WARN_BOOL_CONVERSION = YES;
				CLANG_WARN_CONSTANT_CONVERSION = YES;
				CLANG_WARN_DIRECT_OBJC_ISA_USAGE = YES_ERROR;
				CLANG_WARN_EMPTY_BODY = YES;
				CLANG_WARN_ENUM_CONVERSION = YES;
				CLANG_WARN_INT_CONVERSION = YES;
				CLANG_WARN_OBJC_ROOT_CLASS = YES_ERROR;
				CLANG_WARN_UNREACHABLE_CODE = YES;
				CLANG_WARN__DUPLICATE_METHOD_MATCH = YES;
				CODE_SIGN_IDENTITY = "-";
				COPY_PHASE_STRIP = NO;
				DEBUG_INFORMATION_FORMAT = "dwarf-with-dsym";
				ENABLE_NS_ASSERTIONS = NO;
				ENABLE_STRICT_OBJC_MSGSEND = YES;
				GCC_C_LANGUAGE_STANDARD = gnu99;
				GCC_NO_COMMON_BLOCKS = YES;
				GCC_WARN_64_TO_32_BIT_CONVERSION = YES;
				GCC_WARN_ABOUT_RETURN_TYPE = YES_ERROR;
				GCC_WARN_UNDECLARED_SELECTOR = YES;
				GCC_WARN_UNINITIALIZED_AUTOS = YES_AGGRESSIVE;
				GCC_WARN_UNUSED_FUNCTION = YES;
				GCC_WARN_UNUSED_VARIABLE = YES;
				MACOSX_DEPLOYMENT_TARGET = 10.11;
				MTL_ENABLE_DEBUG_INFO = NO;
				SDKROOT = macosx;
			};
			name = Release;
		};
		CCE4ABEF1CAD497600AAA0E2 /* Debug */ = {
			isa = XCBuildConfiguration;
			buildSettings = {
				PRODUCT_NAME = "$(TARGET_NAME)";
			};
			name = Debug;
		};
		CCE4ABF01CAD497600AAA0E2 /* Release */ = {
			isa = XCBuildConfiguration;
			buildSettings = {
				PRODUCT_NAME = "$(TARGET_NAME)";
			};
			name = Release;
		};
/* End XCBuildConfiguration section */

/* Begin XCConfigurationList section */
		CCE4ABE21CAD497600AAA0E2 /* Build configuration list for PBXProject "2" */ = {
			isa = XCConfigurationList;
			buildConfigurations = (
				CCE4ABEC1CAD497600AAA0E2 /* Debug */,
				CCE4ABED1CAD497600AAA0E2 /* Release */,
			);
			defaultConfigurationIsVisible = 0;
			defaultConfigurationName = Release;
		};
		CCE4ABEE1CAD497600AAA0E2 /* Build configuration list for PBXNativeTarget "2" */ = {
			isa = XCConfigurationList;
			buildConfigurations = (
				CCE4ABEF1CAD497600AAA0E2 /* Debug */,
				CCE4ABF01CAD497600AAA0E2 /* Release */,
			);
			defaultConfigurationIsVisible = 0;
		};
/* End XCConfigurationList section */
	};
	rootObject = CCE4ABDF1CAD497600AAA0E2 /* Project object */;
}
