// !$*UTF8*$!
{
	archiveVersion = 1;
	classes = {
	};
	objectVersion = 46;
	objects = {

/* Begin PBXBuildFile section */
		CC312F041CAB722600DF19BB /* main.m in Sources */ = {isa = PBXBuildFile; fileRef = CC312F031CAB722600DF19BB /* main.m */; };
/* End PBXBuildFile section */

/* Begin PBXCopyFilesBuildPhase section */
		CC312EFE1CAB722600DF19BB /* CopyFiles */ = {
			isa = PBXCopyFilesBuildPhase;
			buildActionMask = 2147483647;
			dstPath = /usr/share/man/man1/;
			dstSubfolderSpec = 0;
			files = (
			);
			runOnlyForDeploymentPostprocessing = 1;
		};
/* End PBXCopyFilesBuildPhase section */

/* Begin PBXFileReference section */
		CC312F001CAB722600DF19BB /* 面向过程 在指定区域用不同颜色画出三种图案 */ = {isa = PBXFileReference; explicitFileType = "compiled.mach-o.executable"; includeInIndex = 0; path = "面向过程 在指定区域用不同颜色画出三种图案"; sourceTree = BUILT_PRODUCTS_DIR; };
		CC312F031CAB722600DF19BB /* main.m */ = {isa = PBXFileReference; lastKnownFileType = sourcecode.c.objc; path = main.m; sourceTree = "<group>"; };
/* End PBXFileReference section */

/* Begin PBXFrameworksBuildPhase section */
		CC312EFD1CAB722600DF19BB /* Frameworks */ = {
			isa = PBXFrameworksBuildPhase;
			buildActionMask = 2147483647;
			files = (
			);
			runOnlyForDeploymentPostprocessing = 0;
		};
/* End PBXFrameworksBuildPhase section */

/* Begin PBXGroup section */
		CC312EF71CAB722600DF19BB = {
			isa = PBXGroup;
			children = (
				CC312F021CAB722600DF19BB /* 面向过程 在指定区域用不同颜色画出三种图案 */,
				CC312F011CAB722600DF19BB /* Products */,
			);
			sourceTree = "<group>";
		};
		CC312F011CAB722600DF19BB /* Products */ = {
			isa = PBXGroup;
			children = (
				CC312F001CAB722600DF19BB /* 面向过程 在指定区域用不同颜色画出三种图案 */,
			);
			name = Products;
			sourceTree = "<group>";
		};
		CC312F021CAB722600DF19BB /* 面向过程 在指定区域用不同颜色画出三种图案 */ = {
			isa = PBXGroup;
			children = (
				CC312F031CAB722600DF19BB /* main.m */,
			);
			path = "面向过程 在指定区域用不同颜色画出三种图案";
			sourceTree = "<group>";
		};
/* End PBXGroup section */

/* Begin PBXNativeTarget section */
		CC312EFF1CAB722600DF19BB /* 面向过程 在指定区域用不同颜色画出三种图案 */ = {
			isa = PBXNativeTarget;
			buildConfigurationList = CC312F071CAB722600DF19BB /* Build configuration list for PBXNativeTarget "面向过程 在指定区域用不同颜色画出三种图案" */;
			buildPhases = (
				CC312EFC1CAB722600DF19BB /* Sources */,
				CC312EFD1CAB722600DF19BB /* Frameworks */,
				CC312EFE1CAB722600DF19BB /* CopyFiles */,
			);
			buildRules = (
			);
			dependencies = (
			);
			name = "面向过程 在指定区域用不同颜色画出三种图案";
			productName = "面向过程 在指定区域用不同颜色画出三种图案";
			productReference = CC312F001CAB722600DF19BB /* 面向过程 在指定区域用不同颜色画出三种图案 */;
			productType = "com.apple.product-type.tool";
		};
/* End PBXNativeTarget section */

/* Begin PBXProject section */
		CC312EF81CAB722600DF19BB /* Project object */ = {
			isa = PBXProject;
			attributes = {
				LastUpgradeCheck = 0710;
				ORGANIZATIONNAME = qingyun;
				TargetAttributes = {
					CC312EFF1CAB722600DF19BB = {
						CreatedOnToolsVersion = 7.1;
					};
				};
			};
			buildConfigurationList = CC312EFB1CAB722600DF19BB /* Build configuration list for PBXProject "面向过程 在指定区域用不同颜色画出三种图案" */;
			compatibilityVersion = "Xcode 3.2";
			developmentRegion = English;
			hasScannedForEncodings = 0;
			knownRegions = (
				en,
			);
			mainGroup = CC312EF71CAB722600DF19BB;
			productRefGroup = CC312F011CAB722600DF19BB /* Products */;
			projectDirPath = "";
			projectRoot = "";
			targets = (
				CC312EFF1CAB722600DF19BB /* 面向过程 在指定区域用不同颜色画出三种图案 */,
			);
		};
/* End PBXProject section */

/* Begin PBXSourcesBuildPhase section */
		CC312EFC1CAB722600DF19BB /* Sources */ = {
			isa = PBXSourcesBuildPhase;
			buildActionMask = 2147483647;
			files = (
				CC312F041CAB722600DF19BB /* main.m in Sources */,
			);
			runOnlyForDeploymentPostprocessing = 0;
		};
/* End PBXSourcesBuildPhase section */

/* Begin XCBuildConfiguration section */
		CC312F051CAB722600DF19BB /* Debug */ = {
			isa = XCBuildConfiguration;
			buildSettings = {
				ALWAYS_SEARCH_USER_PATHS = NO;
				CLANG_CXX_LANGUAGE_STANDARD = "gnu++0x";
				CLANG_CXX_LIBRARY = "libc++";
				CLANG_ENABLE_MODULES = YES;
				CLANG_ENABLE_OBJC_ARC = YES;
				CLANG_WARN_BOOL_CONVERSION = YES;
				CLANG_WARN_CONSTANT_CONVERSION = YES;
				CLANG_WARN_DIRECT_OBJC_ISA_USAGE = YES_ERROR;
				CLANG_WARN_EMPTY_BODY = YES;
				CLANG_WARN_ENUM_CONVERSION = YES;
				CLANG_WARN_INT_CONVERSION = YES;
				CLANG_WARN_OBJC_ROOT_CLASS = YES_ERROR;
				CLANG_WARN_UNREACHABLE_CODE = YES;
				CLANG_WARN__DUPLICATE_METHOD_MATCH = YES;
				CODE_SIGN_IDENTITY = "-";
				COPY_PHASE_STRIP = NO;
				DEBUG_INFORMATION_FORMAT = dwarf;
				ENABLE_STRICT_OBJC_MSGSEND = YES;
				ENABLE_TESTABILITY = YES;
				GCC_C_LANGUAGE_STANDARD = gnu99;
				GCC_DYNAMIC_NO_PIC = NO;
				GCC_NO_COMMON_BLOCKS = YES;
				GCC_OPTIMIZATION_LEVEL = 0;
				GCC_PREPROCESSOR_DEFINITIONS = (
					"DEBUG=1",
					"$(inherited)",
				);
				GCC_WARN_64_TO_32_BIT_CONVERSION = YES;
				GCC_WARN_ABOUT_RETURN_TYPE = YES_ERROR;
				GCC_WARN_UNDECLARED_SELECTOR = YES;
				GCC_WARN_UNINITIALIZED_AUTOS = YES_AGGRESSIVE;
				GCC_WARN_UNUSED_FUNCTION = YES;
				GCC_WARN_UNUSED_VARIABLE = YES;
				MACOSX_DEPLOYMENT_TARGET = 10.11;
				MTL_ENABLE_DEBUG_INFO = YES;
				ONLY_ACTIVE_ARCH = YES;
				SDKROOT = macosx;
			};
			name = Debug;
		};
		CC312F061CAB722600DF19BB /* Release */ = {
			isa = XCBuildConfiguration;
			buildSettings = {
				ALWAYS_SEARCH_USER_PATHS = NO;
				CLANG_CXX_LANGUAGE_STANDARD = "gnu++0x";
				CLANG_CXX_LIBRARY = "libc++";
				CLANG_ENABLE_MODULES = YES;
				CLANG_ENABLE_OBJC_ARC = YES;
				CLANG_WARN_BOOL_CONVERSION = YES;
				CLANG_WARN_CONSTANT_CONVERSION = YES;
				CLANG_WARN_DIRECT_OBJC_ISA_USAGE = YES_ERROR;
				CLANG_WARN_EMPTY_BODY = YES;
				CLANG_WARN_ENUM_CONVERSION = YES;
				CLANG_WARN_INT_CONVERSION = YES;
				CLANG_WARN_OBJC_ROOT_CLASS = YES_ERROR;
				CLANG_WARN_UNREACHABLE_CODE = YES;
				CLANG_WARN__DUPLICATE_METHOD_MATCH = YES;
				CODE_SIGN_IDENTITY = "-";
				COPY_PHASE_STRIP = NO;
				DEBUG_INFORMATION_FORMAT = "dwarf-with-dsym";
				ENABLE_NS_ASSERTIONS = NO;
				ENABLE_STRICT_OBJC_MSGSEND = YES;
				GCC_C_LANGUAGE_STANDARD = gnu99;
				GCC_NO_COMMON_BLOCKS = YES;
				GCC_WARN_64_TO_32_BIT_CONVERSION = YES;
				GCC_WARN_ABOUT_RETURN_TYPE = YES_ERROR;
				GCC_WARN_UNDECLARED_SELECTOR = YES;
				GCC_WARN_UNINITIALIZED_AUTOS = YES_AGGRESSIVE;
				GCC_WARN_UNUSED_FUNCTION = YES;
				GCC_WARN_UNUSED_VARIABLE = YES;
				MACOSX_DEPLOYMENT_TARGET = 10.11;
				MTL_ENABLE_DEBUG_INFO = NO;
				SDKROOT = macosx;
			};
			name = Release;
		};
		CC312F081CAB722600DF19BB /* Debug */ = {
			isa = XCBuildConfiguration;
			buildSettings = {
				PRODUCT_NAME = "$(TARGET_NAME)";
			};
			name = Debug;
		};
		CC312F091CAB722600DF19BB /* Release */ = {
			isa = XCBuildConfiguration;
			buildSettings = {
				PRODUCT_NAME = "$(TARGET_NAME)";
			};
			name = Release;
		};
/* End XCBuildConfiguration section */

/* Begin XCConfigurationList section */
		CC312EFB1CAB722600DF19BB /* Build configuration list for PBXProject "面向过程 在指定区域用不同颜色画出三种图案" */ = {
			isa = XCConfigurationList;
			buildConfigurations = (
				CC312F051CAB722600DF19BB /* Debug */,
				CC312F061CAB722600DF19BB /* Release */,
			);
			defaultConfigurationIsVisible = 0;
			defaultConfigurationName = Release;
		};
		CC312F071CAB722600DF19BB /* Build configuration list for PBXNativeTarget "面向过程 在指定区域用不同颜色画出三种图案" */ = {
			isa = XCConfigurationList;
			buildConfigurations = (
				CC312F081CAB722600DF19BB /* Debug */,
				CC312F091CAB722600DF19BB /* Release */,
			);
			defaultConfigurationIsVisible = 0;
		};
/* End XCConfigurationList section */
	};
	rootObject = CC312EF81CAB722600DF19BB /* Project object */;
}
